
Microsoft Visual Studio Solution File, Format Version 12.00
# Visual Studio 15
VisualStudioVersion = 15.0.28307.329
MinimumVisualStudioVersion = 10.0.40219.1
Project("{FAE04EC0-301F-11D3-BF4B-00C04F79EFBC}") = "Portfolios.Service", "Portfolio.Service\Portfolios.Service.csproj", "{FA93A172-CB2E-4204-B331-63A847C36576}"
EndProject
Project("{FAE04EC0-301F-11D3-BF4B-00C04F79EFBC}") = "Portfolios.Common", "Portfolio.Common\Portfolios.Common.csproj", "{E012DFFA-F5DA-4FEC-B7D8-061C12BE0DEA}"
EndProject
Project("{FAE04EC0-301F-11D3-BF4B-00C04F79EFBC}") = "Portfolios.Dto", "Portfolio.Dto\Portfolios.Dto.csproj", "{C74D92D7-0EA3-44B6-9889-79992C5AA43D}"
EndProject
Project("{FAE04EC0-301F-11D3-BF4B-00C04F79EFBC}") = "Portfolios.Repository", "Portfolio.Repository\Portfolios.Repository.csproj", "{0BCB979E-9EBD-496C-B993-8718B714967A}"
EndProject
Project("{FAE04EC0-301F-11D3-BF4B-00C04F79EFBC}") = "Portfolios.Api", "Portfolios.Api\Portfolios.Api.csproj", "{5883B68A-C74E-443D-BB2C-293A38305236}"
EndProject
Global
	GlobalSection(SolutionConfigurationPlatforms) = preSolution
		Debug|Any CPU = Debug|Any CPU
		Release|Any CPU = Release|Any CPU
	EndGlobalSection
	GlobalSection(ProjectConfigurationPlatforms) = postSolution
		{FA93A172-CB2E-4204-B331-63A847C36576}.Debug|Any CPU.ActiveCfg = Debug|Any CPU
		{FA93A172-CB2E-4204-B331-63A847C36576}.Debug|Any CPU.Build.0 = Debug|Any CPU
		{FA93A172-CB2E-4204-B331-63A847C36576}.Release|Any CPU.ActiveCfg = Release|Any CPU
		{FA93A172-CB2E-4204-B331-63A847C36576}.Release|Any CPU.Build.0 = Release|Any CPU
		{E012DFFA-F5DA-4FEC-B7D8-061C12BE0DEA}.Debug|Any CPU.ActiveCfg = Debug|Any CPU
		{E012DFFA-F5DA-4FEC-B7D8-061C12BE0DEA}.Debug|Any CPU.Build.0 = Debug|Any CPU
		{E012DFFA-F5DA-4FEC-B7D8-061C12BE0DEA}.Release|Any CPU.ActiveCfg = Release|Any CPU
		{E012DFFA-F5DA-4FEC-B7D8-061C12BE0DEA}.Release|Any CPU.Build.0 = Release|Any CPU
		{C74D92D7-0EA3-44B6-9889-79992C5AA43D}.Debug|Any CPU.ActiveCfg = Debug|Any CPU
		{C74D92D7-0EA3-44B6-9889-79992C5AA43D}.Debug|Any CPU.Build.0 = Debug|Any CPU
		{C74D92D7-0EA3-44B6-9889-79992C5AA43D}.Release|Any CPU.ActiveCfg = Release|Any CPU
		{C74D92D7-0EA3-44B6-9889-79992C5AA43D}.Release|Any CPU.Build.0 = Release|Any CPU
		{0BCB979E-9EBD-496C-B993-8718B714967A}.Debug|Any CPU.ActiveCfg = Debug|Any CPU
		{0BCB979E-9EBD-496C-B993-8718B714967A}.Debug|Any CPU.Build.0 = Debug|Any CPU
		{0BCB979E-9EBD-496C-B993-8718B714967A}.Release|Any CPU.ActiveCfg = Release|Any CPU
		{0BCB979E-9EBD-496C-B993-8718B714967A}.Release|Any CPU.Build.0 = Release|Any CPU
		{5883B68A-C74E-443D-BB2C-293A38305236}.Debug|Any CPU.ActiveCfg = Debug|Any CPU
		{5883B68A-C74E-443D-BB2C-293A38305236}.Debug|Any CPU.Build.0 = Debug|Any CPU
		{5883B68A-C74E-443D-BB2C-293A38305236}.Release|Any CPU.ActiveCfg = Release|Any CPU
		{5883B68A-C74E-443D-BB2C-293A38305236}.Release|Any CPU.Build.0 = Release|Any CPU
	EndGlobalSection
	GlobalSection(SolutionProperties) = preSolution
		HideSolutionNode = FALSE
	EndGlobalSection
	GlobalSection(ExtensibilityGlobals) = postSolution
		SolutionGuid = {CABCCF86-AFEF-4CDA-B10F-B2E8C6AB5EC9}
	EndGlobalSection
EndGlobal
